
Microsoft Visual Studio Solution File, Format Version 12.00
# Visual Studio Version 17
VisualStudioVersion = 17.2.32616.157
MinimumVisualStudioVersion = 10.0.40219.1
Project("{FAE04EC0-301F-11D3-BF4B-00C04F79EFBC}") = "bai23-3", "bai23-3.csproj", "{1ACE4DA7-31D0-4E1C-9A58-B0F6E973BE2A}"
EndProject
Global
	GlobalSection(SolutionConfigurationPlatforms) = preSolution
		Debug|Any CPU = Debug|Any CPU
		Release|Any CPU = Release|Any CPU
	EndGlobalSection
	GlobalSection(ProjectConfigurationPlatforms) = postSolution
		{1ACE4DA7-31D0-4E1C-9A58-B0F6E973BE2A}.Debug|Any CPU.ActiveCfg = Debug|Any CPU
		{1ACE4DA7-31D0-4E1C-9A58-B0F6E973BE2A}.Debug|Any CPU.Build.0 = Debug|Any CPU
		{1ACE4DA7-31D0-4E1C-9A58-B0F6E973BE2A}.Release|Any CPU.ActiveCfg = Release|Any CPU
		{1ACE4DA7-31D0-4E1C-9A58-B0F6E973BE2A}.Release|Any CPU.Build.0 = Release|Any CPU
	EndGlobalSection
	GlobalSection(SolutionProperties) = preSolution
		HideSolutionNode = FALSE
	EndGlobalSection
	GlobalSection(ExtensibilityGlobals) = postSolution
		SolutionGuid = {0B8F2D9C-4567-425F-B9AD-1EF329735718}
	EndGlobalSection
EndGlobal
