
Microsoft Visual Studio Solution File, Format Version 12.00
# Visual Studio Version 17
VisualStudioVersion = 17.3.32901.215
MinimumVisualStudioVersion = 10.0.40219.1
Project("{FAE04EC0-301F-11D3-BF4B-00C04F79EFBC}") = "WindowsFormUART2_STM32F411", "WindowsFormUART2_STM32F411.csproj", "{95E35CC8-A9C9-4436-90AA-9C11AD09D69E}"
EndProject
Project("{FAE04EC0-301F-11D3-BF4B-00C04F79EFBC}") = "WindowsFormsApp1_Test", "..\WindowsFormsApp1_Test\WindowsFormsApp1_Test.csproj", "{96B46299-70F1-479B-B011-13CE4960D02D}"
EndProject
Global
	GlobalSection(SolutionConfigurationPlatforms) = preSolution
		Debug|Any CPU = Debug|Any CPU
		Release|Any CPU = Release|Any CPU
	EndGlobalSection
	GlobalSection(ProjectConfigurationPlatforms) = postSolution
		{95E35CC8-A9C9-4436-90AA-9C11AD09D69E}.Debug|Any CPU.ActiveCfg = Debug|Any CPU
		{95E35CC8-A9C9-4436-90AA-9C11AD09D69E}.Debug|Any CPU.Build.0 = Debug|Any CPU
		{95E35CC8-A9C9-4436-90AA-9C11AD09D69E}.Release|Any CPU.ActiveCfg = Release|Any CPU
		{95E35CC8-A9C9-4436-90AA-9C11AD09D69E}.Release|Any CPU.Build.0 = Release|Any CPU
		{96B46299-70F1-479B-B011-13CE4960D02D}.Debug|Any CPU.ActiveCfg = Debug|Any CPU
		{96B46299-70F1-479B-B011-13CE4960D02D}.Debug|Any CPU.Build.0 = Debug|Any CPU
		{96B46299-70F1-479B-B011-13CE4960D02D}.Release|Any CPU.ActiveCfg = Release|Any CPU
		{96B46299-70F1-479B-B011-13CE4960D02D}.Release|Any CPU.Build.0 = Release|Any CPU
	EndGlobalSection
	GlobalSection(SolutionProperties) = preSolution
		HideSolutionNode = FALSE
	EndGlobalSection
	GlobalSection(ExtensibilityGlobals) = postSolution
		SolutionGuid = {087384D4-7A84-4A07-983E-C224D7FB672E}
	EndGlobalSection
EndGlobal
