
Microsoft Visual Studio Solution File, Format Version 12.00
# Visual Studio Version 17
VisualStudioVersion = 17.2.32630.192
MinimumVisualStudioVersion = 10.0.40219.1
Project("{FAE04EC0-301F-11D3-BF4B-00C04F79EFBC}") = "slide2", "slide2.csproj", "{DB77D175-E4F7-4AB2-BAD4-B74E48C61D12}"
EndProject
Global
	GlobalSection(SolutionConfigurationPlatforms) = preSolution
		Debug|Any CPU = Debug|Any CPU
		Release|Any CPU = Release|Any CPU
	EndGlobalSection
	GlobalSection(ProjectConfigurationPlatforms) = postSolution
		{DB77D175-E4F7-4AB2-BAD4-B74E48C61D12}.Debug|Any CPU.ActiveCfg = Debug|Any CPU
		{DB77D175-E4F7-4AB2-BAD4-B74E48C61D12}.Debug|Any CPU.Build.0 = Debug|Any CPU
		{DB77D175-E4F7-4AB2-BAD4-B74E48C61D12}.Release|Any CPU.ActiveCfg = Release|Any CPU
		{DB77D175-E4F7-4AB2-BAD4-B74E48C61D12}.Release|Any CPU.Build.0 = Release|Any CPU
	EndGlobalSection
	GlobalSection(SolutionProperties) = preSolution
		HideSolutionNode = FALSE
	EndGlobalSection
	GlobalSection(ExtensibilityGlobals) = postSolution
		SolutionGuid = {7EF6B4C2-E908-48AF-9ACF-5E1B7FE05B57}
	EndGlobalSection
EndGlobal
