
Microsoft Visual Studio Solution File, Format Version 12.00
# Visual Studio Version 17
VisualStudioVersion = 17.2.32630.192
MinimumVisualStudioVersion = 10.0.40219.1
Project("{FAE04EC0-301F-11D3-BF4B-00C04F79EFBC}") = "slide7", "slide7.csproj", "{5248E123-28C2-4649-A69D-F289ADA60077}"
EndProject
Global
	GlobalSection(SolutionConfigurationPlatforms) = preSolution
		Debug|Any CPU = Debug|Any CPU
		Release|Any CPU = Release|Any CPU
	EndGlobalSection
	GlobalSection(ProjectConfigurationPlatforms) = postSolution
		{5248E123-28C2-4649-A69D-F289ADA60077}.Debug|Any CPU.ActiveCfg = Debug|Any CPU
		{5248E123-28C2-4649-A69D-F289ADA60077}.Debug|Any CPU.Build.0 = Debug|Any CPU
		{5248E123-28C2-4649-A69D-F289ADA60077}.Release|Any CPU.ActiveCfg = Release|Any CPU
		{5248E123-28C2-4649-A69D-F289ADA60077}.Release|Any CPU.Build.0 = Release|Any CPU
	EndGlobalSection
	GlobalSection(SolutionProperties) = preSolution
		HideSolutionNode = FALSE
	EndGlobalSection
	GlobalSection(ExtensibilityGlobals) = postSolution
		SolutionGuid = {BA0131F8-83C7-4382-A1F3-AABF79C31D56}
	EndGlobalSection
EndGlobal
