
Microsoft Visual Studio Solution File, Format Version 12.00
# Visual Studio Version 17
VisualStudioVersion = 17.3.32901.215
MinimumVisualStudioVersion = 10.0.40219.1
Project("{FAE04EC0-301F-11D3-BF4B-00C04F79EFBC}") = "Buoi3_baitap", "Buoi3_baitap.csproj", "{F6A607C1-5E39-47B7-839A-73753628C795}"
EndProject
Global
	GlobalSection(SolutionConfigurationPlatforms) = preSolution
		Debug|Any CPU = Debug|Any CPU
		Release|Any CPU = Release|Any CPU
	EndGlobalSection
	GlobalSection(ProjectConfigurationPlatforms) = postSolution
		{F6A607C1-5E39-47B7-839A-73753628C795}.Debug|Any CPU.ActiveCfg = Debug|Any CPU
		{F6A607C1-5E39-47B7-839A-73753628C795}.Debug|Any CPU.Build.0 = Debug|Any CPU
		{F6A607C1-5E39-47B7-839A-73753628C795}.Release|Any CPU.ActiveCfg = Release|Any CPU
		{F6A607C1-5E39-47B7-839A-73753628C795}.Release|Any CPU.Build.0 = Release|Any CPU
	EndGlobalSection
	GlobalSection(SolutionProperties) = preSolution
		HideSolutionNode = FALSE
	EndGlobalSection
	GlobalSection(ExtensibilityGlobals) = postSolution
		SolutionGuid = {A25BF818-A5E3-44A1-BE57-26C60B2960B7}
	EndGlobalSection
EndGlobal
