
Microsoft Visual Studio Solution File, Format Version 12.00
# Visual Studio Version 17
VisualStudioVersion = 17.2.32630.192
MinimumVisualStudioVersion = 10.0.40219.1
Project("{FAE04EC0-301F-11D3-BF4B-00C04F79EFBC}") = "slide10", "slide10.csproj", "{8908A970-362E-4120-BF28-685AE324BA62}"
EndProject
Global
	GlobalSection(SolutionConfigurationPlatforms) = preSolution
		Debug|Any CPU = Debug|Any CPU
		Release|Any CPU = Release|Any CPU
	EndGlobalSection
	GlobalSection(ProjectConfigurationPlatforms) = postSolution
		{8908A970-362E-4120-BF28-685AE324BA62}.Debug|Any CPU.ActiveCfg = Debug|Any CPU
		{8908A970-362E-4120-BF28-685AE324BA62}.Debug|Any CPU.Build.0 = Debug|Any CPU
		{8908A970-362E-4120-BF28-685AE324BA62}.Release|Any CPU.ActiveCfg = Release|Any CPU
		{8908A970-362E-4120-BF28-685AE324BA62}.Release|Any CPU.Build.0 = Release|Any CPU
	EndGlobalSection
	GlobalSection(SolutionProperties) = preSolution
		HideSolutionNode = FALSE
	EndGlobalSection
	GlobalSection(ExtensibilityGlobals) = postSolution
		SolutionGuid = {96071722-7819-48A6-8161-DDE82835A853}
	EndGlobalSection
EndGlobal
