
Microsoft Visual Studio Solution File, Format Version 12.00
# Visual Studio Version 17
VisualStudioVersion = 17.2.32630.192
MinimumVisualStudioVersion = 10.0.40219.1
Project("{FAE04EC0-301F-11D3-BF4B-00C04F79EFBC}") = "slide10_baitap", "slide10_baitap.csproj", "{EA1AD667-ADA4-4CA8-A56C-ED9F194838EA}"
EndProject
Project("{FAE04EC0-301F-11D3-BF4B-00C04F79EFBC}") = "slide11", "..\slide11\slide11.csproj", "{363234BD-2DEF-4CAA-8B3C-30AB5276F30C}"
EndProject
Global
	GlobalSection(SolutionConfigurationPlatforms) = preSolution
		Debug|Any CPU = Debug|Any CPU
		Release|Any CPU = Release|Any CPU
	EndGlobalSection
	GlobalSection(ProjectConfigurationPlatforms) = postSolution
		{EA1AD667-ADA4-4CA8-A56C-ED9F194838EA}.Debug|Any CPU.ActiveCfg = Debug|Any CPU
		{EA1AD667-ADA4-4CA8-A56C-ED9F194838EA}.Debug|Any CPU.Build.0 = Debug|Any CPU
		{EA1AD667-ADA4-4CA8-A56C-ED9F194838EA}.Release|Any CPU.ActiveCfg = Release|Any CPU
		{EA1AD667-ADA4-4CA8-A56C-ED9F194838EA}.Release|Any CPU.Build.0 = Release|Any CPU
		{363234BD-2DEF-4CAA-8B3C-30AB5276F30C}.Debug|Any CPU.ActiveCfg = Debug|Any CPU
		{363234BD-2DEF-4CAA-8B3C-30AB5276F30C}.Debug|Any CPU.Build.0 = Debug|Any CPU
		{363234BD-2DEF-4CAA-8B3C-30AB5276F30C}.Release|Any CPU.ActiveCfg = Release|Any CPU
		{363234BD-2DEF-4CAA-8B3C-30AB5276F30C}.Release|Any CPU.Build.0 = Release|Any CPU
	EndGlobalSection
	GlobalSection(SolutionProperties) = preSolution
		HideSolutionNode = FALSE
	EndGlobalSection
	GlobalSection(ExtensibilityGlobals) = postSolution
		SolutionGuid = {E3F45491-A768-441A-8B8B-A0FEA2BB3AAC}
	EndGlobalSection
EndGlobal
